
Microsoft Visual Studio Solution File, Format Version 12.00
# Visual Studio Version 17
VisualStudioVersion = 17.4.33110.190
MinimumVisualStudioVersion = 10.0.40219.1
Project("{FAE04EC0-301F-11D3-BF4B-00C04F79EFBC}") = "Raki.TelegramBot", "src\Raki.TelegramBot\Raki.TelegramBot.csproj", "{F3238A73-F50B-44F4-BFF7-45111DFBD02B}"
EndProject
Global
	GlobalSection(SolutionConfigurationPlatforms) = preSolution
		Debug|Any CPU = Debug|Any CPU
		Release|Any CPU = Release|Any CPU
	EndGlobalSection
	GlobalSection(ProjectConfigurationPlatforms) = postSolution
		{F3238A73-F50B-44F4-BFF7-45111DFBD02B}.Debug|Any CPU.ActiveCfg = Debug|Any CPU
		{F3238A73-F50B-44F4-BFF7-45111DFBD02B}.Debug|Any CPU.Build.0 = Debug|Any CPU
		{F3238A73-F50B-44F4-BFF7-45111DFBD02B}.Release|Any CPU.ActiveCfg = Release|Any CPU
		{F3238A73-F50B-44F4-BFF7-45111DFBD02B}.Release|Any CPU.Build.0 = Release|Any CPU
	EndGlobalSection
	GlobalSection(SolutionProperties) = preSolution
		HideSolutionNode = FALSE
	EndGlobalSection
	GlobalSection(ExtensibilityGlobals) = postSolution
		SolutionGuid = {8B23B03E-57CA-4B1D-8B52-8674D3A99110}
	EndGlobalSection
EndGlobal
