
Microsoft Visual Studio Solution File, Format Version 12.00
# Visual Studio Version 17
VisualStudioVersion = 17.4.33110.190
MinimumVisualStudioVersion = 10.0.40219.1
Project("{9A19103F-16F7-4668-BE54-9A1E7A4F7556}") = "Raki.TelegramBot", "src\Raki.TelegramBot\Raki.TelegramBot.csproj", "{C13D6C93-C220-420B-82D7-301776241658}"
EndProject
Project("{FAE04EC0-301F-11D3-BF4B-00C04F79EFBC}") = "Raki.TelegramBot.API", "src\Raki.TelegramBot.API\Raki.TelegramBot.API.csproj", "{8B2C0239-0C61-45B1-98A2-FF9DF3910F2E}"
EndProject
Global
	GlobalSection(SolutionConfigurationPlatforms) = preSolution
		Debug|Any CPU = Debug|Any CPU
		Release|Any CPU = Release|Any CPU
	EndGlobalSection
	GlobalSection(ProjectConfigurationPlatforms) = postSolution
		{C13D6C93-C220-420B-82D7-301776241658}.Debug|Any CPU.ActiveCfg = Debug|Any CPU
		{C13D6C93-C220-420B-82D7-301776241658}.Debug|Any CPU.Build.0 = Debug|Any CPU
		{C13D6C93-C220-420B-82D7-301776241658}.Release|Any CPU.ActiveCfg = Release|Any CPU
		{C13D6C93-C220-420B-82D7-301776241658}.Release|Any CPU.Build.0 = Release|Any CPU
		{8B2C0239-0C61-45B1-98A2-FF9DF3910F2E}.Debug|Any CPU.ActiveCfg = Debug|Any CPU
		{8B2C0239-0C61-45B1-98A2-FF9DF3910F2E}.Debug|Any CPU.Build.0 = Debug|Any CPU
		{8B2C0239-0C61-45B1-98A2-FF9DF3910F2E}.Release|Any CPU.ActiveCfg = Release|Any CPU
		{8B2C0239-0C61-45B1-98A2-FF9DF3910F2E}.Release|Any CPU.Build.0 = Release|Any CPU
	EndGlobalSection
	GlobalSection(SolutionProperties) = preSolution
		HideSolutionNode = FALSE
	EndGlobalSection
	GlobalSection(ExtensibilityGlobals) = postSolution
		SolutionGuid = {8B23B03E-57CA-4B1D-8B52-8674D3A99110}
	EndGlobalSection
EndGlobal
