
Microsoft Visual Studio Solution File, Format Version 12.00
# Visual Studio Version 17
VisualStudioVersion = 17.4.33110.190
MinimumVisualStudioVersion = 10.0.40219.1
Project("{9A19103F-16F7-4668-BE54-9A1E7A4F7556}") = "Raki.TelegramBot.API", "src\Raki.TelegramBot.API\Raki.TelegramBot.API.csproj", "{8B2C0239-0C61-45B1-98A2-FF9DF3910F2E}"
EndProject
Project("{2150E333-8FDC-42A3-9474-1A3956D46DE8}") = "_solution", "_solution", "{50FBD388-DBA8-43D9-B287-4326ADF0D869}"
	ProjectSection(SolutionItems) = preProject
		.editorconfig = .editorconfig
	EndProjectSection
EndProject
Project("{2150E333-8FDC-42A3-9474-1A3956D46DE8}") = "src", "src", "{3E776D32-9C8F-4C24-93CB-B259DDBCFB82}"
EndProject
Project("{2150E333-8FDC-42A3-9474-1A3956D46DE8}") = "tests", "tests", "{905276F1-8224-42A7-86F4-91F1ED0A3D30}"
EndProject
Project("{2150E333-8FDC-42A3-9474-1A3956D46DE8}") = "docs", "docs", "{165CA699-FF80-4414-B0FB-BDAFCC4D7246}"
EndProject
Project("{FAE04EC0-301F-11D3-BF4B-00C04F79EFBC}") = "Raki.TelegraBot.API.Tests", "tests\Raki.TelegraBot.API.Tests\Raki.TelegraBot.API.Tests.csproj", "{A4F35058-D1FE-47D6-85AB-4DA1A5BD6402}"
EndProject
Project("{FAE04EC0-301F-11D3-BF4B-00C04F79EFBC}") = "Raki.TegramBot.Core", "src\Raki.TegramBot.Core\Raki.TegramBot.Core.csproj", "{8AEE1A61-BA8D-4CA8-A54E-05469516DE90}"
EndProject
Global
	GlobalSection(SolutionConfigurationPlatforms) = preSolution
		Debug|Any CPU = Debug|Any CPU
		Release|Any CPU = Release|Any CPU
	EndGlobalSection
	GlobalSection(ProjectConfigurationPlatforms) = postSolution
		{8B2C0239-0C61-45B1-98A2-FF9DF3910F2E}.Debug|Any CPU.ActiveCfg = Debug|Any CPU
		{8B2C0239-0C61-45B1-98A2-FF9DF3910F2E}.Debug|Any CPU.Build.0 = Debug|Any CPU
		{8B2C0239-0C61-45B1-98A2-FF9DF3910F2E}.Release|Any CPU.ActiveCfg = Release|Any CPU
		{8B2C0239-0C61-45B1-98A2-FF9DF3910F2E}.Release|Any CPU.Build.0 = Release|Any CPU
		{A4F35058-D1FE-47D6-85AB-4DA1A5BD6402}.Debug|Any CPU.ActiveCfg = Debug|Any CPU
		{A4F35058-D1FE-47D6-85AB-4DA1A5BD6402}.Debug|Any CPU.Build.0 = Debug|Any CPU
		{A4F35058-D1FE-47D6-85AB-4DA1A5BD6402}.Release|Any CPU.ActiveCfg = Release|Any CPU
		{A4F35058-D1FE-47D6-85AB-4DA1A5BD6402}.Release|Any CPU.Build.0 = Release|Any CPU
		{8AEE1A61-BA8D-4CA8-A54E-05469516DE90}.Debug|Any CPU.ActiveCfg = Debug|Any CPU
		{8AEE1A61-BA8D-4CA8-A54E-05469516DE90}.Debug|Any CPU.Build.0 = Debug|Any CPU
		{8AEE1A61-BA8D-4CA8-A54E-05469516DE90}.Release|Any CPU.ActiveCfg = Release|Any CPU
		{8AEE1A61-BA8D-4CA8-A54E-05469516DE90}.Release|Any CPU.Build.0 = Release|Any CPU
	EndGlobalSection
	GlobalSection(SolutionProperties) = preSolution
		HideSolutionNode = FALSE
	EndGlobalSection
	GlobalSection(NestedProjects) = preSolution
		{8B2C0239-0C61-45B1-98A2-FF9DF3910F2E} = {3E776D32-9C8F-4C24-93CB-B259DDBCFB82}
		{A4F35058-D1FE-47D6-85AB-4DA1A5BD6402} = {905276F1-8224-42A7-86F4-91F1ED0A3D30}
		{8AEE1A61-BA8D-4CA8-A54E-05469516DE90} = {3E776D32-9C8F-4C24-93CB-B259DDBCFB82}
	EndGlobalSection
	GlobalSection(ExtensibilityGlobals) = postSolution
		SolutionGuid = {8B23B03E-57CA-4B1D-8B52-8674D3A99110}
	EndGlobalSection
EndGlobal
